{
  "name": "lattice-grid-demo-police",
  "version": "1.0.0",
  "lockfileVersion": 3,
  "requires": true,
  "packages": {
    "": {
      "name": "lattice-grid-demo-police",
      "version": "1.0.0",
      "license": "ISC",
      "dependencies": {
        "@toclocoinc/lattice-grid": "1.60.0"
      }
    },
    "node_modules/@toclocoinc/lattice-grid": {
      "version": "1.60.0",
      "resolved": "https://registry.npmjs.org/@toclocoinc/lattice-grid/-/lattice-grid-1.60.0.tgz",
      "integrity": "sha512-dl1by0Y/dDc/iphZMz2BRHVEO36163qTCWajinnXKzjRo+ojCEIhoj1cA65a/Mmau/UXE9NtxAElvj1s/wyiCg==",
      "license": "SEE LICENSE IN LICENSE"
    }
  }
}
