{
  "name": "lattice-grid-demo-police",
  "version": "1.0.0",
  "lockfileVersion": 3,
  "requires": true,
  "packages": {
    "": {
      "name": "lattice-grid-demo-police",
      "version": "1.0.0",
      "license": "MIT",
      "dependencies": {
        "@toclocoinc/lattice-grid": "^1.87.0"
      },
      "engines": {
        "node": ">=22"
      }
    },
    "node_modules/@toclocoinc/lattice-grid": {
      "version": "1.87.0",
      "resolved": "https://registry.npmjs.org/@toclocoinc/lattice-grid/-/lattice-grid-1.87.0.tgz",
      "integrity": "sha512-6R/TxhZdrbEmHrhj0TSAKRUjPZrl/9YxZXJIegVJu+aP2EtDIeURpyfDRu9RUKQ090kP2J1CSIBu0FHXfbfdFg==",
      "license": "SEE LICENSE IN LICENSE",
      "peerDependencies": {
        "@angular/common": ">=17.0.0",
        "@angular/core": ">=17.0.0",
        "svelte": ">=5.0.0"
      },
      "peerDependenciesMeta": {
        "@angular/common": {
          "optional": true
        },
        "@angular/core": {
          "optional": true
        },
        "svelte": {
          "optional": true
        }
      }
    }
  }
}
