{
  "name": "lattice-grid-demo-police",
  "version": "1.0.0",
  "lockfileVersion": 3,
  "requires": true,
  "packages": {
    "": {
      "name": "lattice-grid-demo-police",
      "version": "1.0.0",
      "license": "MIT",
      "dependencies": {
        "@toclocoinc/lattice-grid": "^1.86.7"
      },
      "engines": {
        "node": ">=22"
      }
    },
    "node_modules/@toclocoinc/lattice-grid": {
      "version": "1.86.7",
      "resolved": "https://registry.npmjs.org/@toclocoinc/lattice-grid/-/lattice-grid-1.86.7.tgz",
      "integrity": "sha512-KwqG2gHwTaaFj5C+yuz5YAw0TMPYvG9ejxhJkq2jKgvea5z+hT7UVl3R/JTxxHThVVfgIf79i7vCioTe0r1KiA==",
      "license": "SEE LICENSE IN LICENSE",
      "peerDependencies": {
        "@angular/common": ">=17.0.0",
        "@angular/core": ">=17.0.0",
        "svelte": ">=5.0.0"
      },
      "peerDependenciesMeta": {
        "@angular/common": {
          "optional": true
        },
        "@angular/core": {
          "optional": true
        },
        "svelte": {
          "optional": true
        }
      }
    }
  }
}
